
Microsoft Visual Studio Solution File, Format Version 12.00
# Visual Studio Version 16
VisualStudioVersion = 16.0.31025.194
MinimumVisualStudioVersion = 10.0.40219.1
Project("{FAE04EC0-301F-11D3-BF4B-00C04F79EFBC}") = "CrudMvc", "CrudMvc\CrudMvc.csproj", "{6BC29CC8-94D1-48F9-AB37-25C48DA5F638}"
EndProject
Global
	GlobalSection(SolutionConfigurationPlatforms) = preSolution
		Debug|Any CPU = Debug|Any CPU
		Release|Any CPU = Release|Any CPU
	EndGlobalSection
	GlobalSection(ProjectConfigurationPlatforms) = postSolution
		{6BC29CC8-94D1-48F9-AB37-25C48DA5F638}.Debug|Any CPU.ActiveCfg = Debug|Any CPU
		{6BC29CC8-94D1-48F9-AB37-25C48DA5F638}.Debug|Any CPU.Build.0 = Debug|Any CPU
		{6BC29CC8-94D1-48F9-AB37-25C48DA5F638}.Release|Any CPU.ActiveCfg = Release|Any CPU
		{6BC29CC8-94D1-48F9-AB37-25C48DA5F638}.Release|Any CPU.Build.0 = Release|Any CPU
	EndGlobalSection
	GlobalSection(SolutionProperties) = preSolution
		HideSolutionNode = FALSE
	EndGlobalSection
	GlobalSection(ExtensibilityGlobals) = postSolution
		SolutionGuid = {066DA9AF-7D48-4900-9010-741D39E2B679}
	EndGlobalSection
EndGlobal
